
Microsoft Visual Studio Solution File, Format Version 12.00
# Visual Studio Version 17
VisualStudioVersion = 17.0.31717.71
MinimumVisualStudioVersion = 10.0.40219.1
Project("{FAE04EC0-301F-11D3-BF4B-00C04F79EFBC}") = "Xamarin_Forms_TestApp.Android", "Xamarin_Forms_TestApp\Xamarin_Forms_TestApp.Android\Xamarin_Forms_TestApp.Android.csproj", "{C4A490EE-595E-49FB-93E1-63A1507D4AAD}"
EndProject
Project("{FAE04EC0-301F-11D3-BF4B-00C04F79EFBC}") = "Xamarin_Forms_TestApp.iOS", "Xamarin_Forms_TestApp\Xamarin_Forms_TestApp.iOS\Xamarin_Forms_TestApp.iOS.csproj", "{8A8DD87D-7473-40A9-84C4-35DF54525E27}"
EndProject
Project("{FAE04EC0-301F-11D3-BF4B-00C04F79EFBC}") = "Xamarin_Forms_TestApp", "Xamarin_Forms_TestApp\Xamarin_Forms_TestApp\Xamarin_Forms_TestApp.csproj", "{941D6393-1FC8-4F30-B613-AB58B7A390B8}"
EndProject
Global
	GlobalSection(SolutionConfigurationPlatforms) = preSolution
		Debug|Any CPU = Debug|Any CPU
		Debug|iPhone = Debug|iPhone
		Debug|iPhoneSimulator = Debug|iPhoneSimulator
		Release|Any CPU = Release|Any CPU
		Release|iPhone = Release|iPhone
		Release|iPhoneSimulator = Release|iPhoneSimulator
	EndGlobalSection
	GlobalSection(ProjectConfigurationPlatforms) = postSolution
		{C4A490EE-595E-49FB-93E1-63A1507D4AAD}.Debug|Any CPU.ActiveCfg = Debug|Any CPU
		{C4A490EE-595E-49FB-93E1-63A1507D4AAD}.Debug|Any CPU.Build.0 = Debug|Any CPU
		{C4A490EE-595E-49FB-93E1-63A1507D4AAD}.Debug|Any CPU.Deploy.0 = Debug|Any CPU
		{C4A490EE-595E-49FB-93E1-63A1507D4AAD}.Debug|iPhone.ActiveCfg = Debug|Any CPU
		{C4A490EE-595E-49FB-93E1-63A1507D4AAD}.Debug|iPhone.Build.0 = Debug|Any CPU
		{C4A490EE-595E-49FB-93E1-63A1507D4AAD}.Debug|iPhone.Deploy.0 = Debug|Any CPU
		{C4A490EE-595E-49FB-93E1-63A1507D4AAD}.Debug|iPhoneSimulator.ActiveCfg = Debug|Any CPU
		{C4A490EE-595E-49FB-93E1-63A1507D4AAD}.Debug|iPhoneSimulator.Build.0 = Debug|Any CPU
		{C4A490EE-595E-49FB-93E1-63A1507D4AAD}.Debug|iPhoneSimulator.Deploy.0 = Debug|Any CPU
		{C4A490EE-595E-49FB-93E1-63A1507D4AAD}.Release|Any CPU.ActiveCfg = Release|Any CPU
		{C4A490EE-595E-49FB-93E1-63A1507D4AAD}.Release|Any CPU.Build.0 = Release|Any CPU
		{C4A490EE-595E-49FB-93E1-63A1507D4AAD}.Release|Any CPU.Deploy.0 = Release|Any CPU
		{C4A490EE-595E-49FB-93E1-63A1507D4AAD}.Release|iPhone.ActiveCfg = Release|Any CPU
		{C4A490EE-595E-49FB-93E1-63A1507D4AAD}.Release|iPhone.Build.0 = Release|Any CPU
		{C4A490EE-595E-49FB-93E1-63A1507D4AAD}.Release|iPhone.Deploy.0 = Release|Any CPU
		{C4A490EE-595E-49FB-93E1-63A1507D4AAD}.Release|iPhoneSimulator.ActiveCfg = Release|Any CPU
		{C4A490EE-595E-49FB-93E1-63A1507D4AAD}.Release|iPhoneSimulator.Build.0 = Release|Any CPU
		{C4A490EE-595E-49FB-93E1-63A1507D4AAD}.Release|iPhoneSimulator.Deploy.0 = Release|Any CPU
		{8A8DD87D-7473-40A9-84C4-35DF54525E27}.Debug|Any CPU.ActiveCfg = Debug|iPhone
		{8A8DD87D-7473-40A9-84C4-35DF54525E27}.Debug|Any CPU.Build.0 = Debug|iPhone
		{8A8DD87D-7473-40A9-84C4-35DF54525E27}.Debug|Any CPU.Deploy.0 = Debug|iPhone
		{8A8DD87D-7473-40A9-84C4-35DF54525E27}.Debug|iPhone.ActiveCfg = Debug|iPhone
		{8A8DD87D-7473-40A9-84C4-35DF54525E27}.Debug|iPhone.Build.0 = Debug|iPhone
		{8A8DD87D-7473-40A9-84C4-35DF54525E27}.Debug|iPhone.Deploy.0 = Debug|iPhone
		{8A8DD87D-7473-40A9-84C4-35DF54525E27}.Debug|iPhoneSimulator.ActiveCfg = Debug|iPhoneSimulator
		{8A8DD87D-7473-40A9-84C4-35DF54525E27}.Debug|iPhoneSimulator.Build.0 = Debug|iPhoneSimulator
		{8A8DD87D-7473-40A9-84C4-35DF54525E27}.Debug|iPhoneSimulator.Deploy.0 = Debug|iPhoneSimulator
		{8A8DD87D-7473-40A9-84C4-35DF54525E27}.Release|Any CPU.ActiveCfg = Release|iPhoneSimulator
		{8A8DD87D-7473-40A9-84C4-35DF54525E27}.Release|Any CPU.Build.0 = Release|iPhoneSimulator
		{8A8DD87D-7473-40A9-84C4-35DF54525E27}.Release|Any CPU.Deploy.0 = Release|iPhoneSimulator
		{8A8DD87D-7473-40A9-84C4-35DF54525E27}.Release|iPhone.ActiveCfg = Release|iPhone
		{8A8DD87D-7473-40A9-84C4-35DF54525E27}.Release|iPhone.Build.0 = Release|iPhone
		{8A8DD87D-7473-40A9-84C4-35DF54525E27}.Release|iPhone.Deploy.0 = Release|iPhone
		{8A8DD87D-7473-40A9-84C4-35DF54525E27}.Release|iPhoneSimulator.ActiveCfg = Release|iPhoneSimulator
		{8A8DD87D-7473-40A9-84C4-35DF54525E27}.Release|iPhoneSimulator.Build.0 = Release|iPhoneSimulator
		{8A8DD87D-7473-40A9-84C4-35DF54525E27}.Release|iPhoneSimulator.Deploy.0 = Release|iPhoneSimulator
		{941D6393-1FC8-4F30-B613-AB58B7A390B8}.Debug|Any CPU.ActiveCfg = Debug|Any CPU
		{941D6393-1FC8-4F30-B613-AB58B7A390B8}.Debug|Any CPU.Build.0 = Debug|Any CPU
		{941D6393-1FC8-4F30-B613-AB58B7A390B8}.Debug|Any CPU.Deploy.0 = Debug|Any CPU
		{941D6393-1FC8-4F30-B613-AB58B7A390B8}.Debug|iPhone.ActiveCfg = Debug|Any CPU
		{941D6393-1FC8-4F30-B613-AB58B7A390B8}.Debug|iPhone.Build.0 = Debug|Any CPU
		{941D6393-1FC8-4F30-B613-AB58B7A390B8}.Debug|iPhone.Deploy.0 = Debug|Any CPU
		{941D6393-1FC8-4F30-B613-AB58B7A390B8}.Debug|iPhoneSimulator.ActiveCfg = Debug|Any CPU
		{941D6393-1FC8-4F30-B613-AB58B7A390B8}.Debug|iPhoneSimulator.Build.0 = Debug|Any CPU
		{941D6393-1FC8-4F30-B613-AB58B7A390B8}.Debug|iPhoneSimulator.Deploy.0 = Debug|Any CPU
		{941D6393-1FC8-4F30-B613-AB58B7A390B8}.Release|Any CPU.ActiveCfg = Release|Any CPU
		{941D6393-1FC8-4F30-B613-AB58B7A390B8}.Release|Any CPU.Build.0 = Release|Any CPU
		{941D6393-1FC8-4F30-B613-AB58B7A390B8}.Release|Any CPU.Deploy.0 = Release|Any CPU
		{941D6393-1FC8-4F30-B613-AB58B7A390B8}.Release|iPhone.ActiveCfg = Release|Any CPU
		{941D6393-1FC8-4F30-B613-AB58B7A390B8}.Release|iPhone.Build.0 = Release|Any CPU
		{941D6393-1FC8-4F30-B613-AB58B7A390B8}.Release|iPhone.Deploy.0 = Release|Any CPU
		{941D6393-1FC8-4F30-B613-AB58B7A390B8}.Release|iPhoneSimulator.ActiveCfg = Release|Any CPU
		{941D6393-1FC8-4F30-B613-AB58B7A390B8}.Release|iPhoneSimulator.Build.0 = Release|Any CPU
		{941D6393-1FC8-4F30-B613-AB58B7A390B8}.Release|iPhoneSimulator.Deploy.0 = Release|Any CPU
	EndGlobalSection
	GlobalSection(SolutionProperties) = preSolution
		HideSolutionNode = FALSE
	EndGlobalSection
	GlobalSection(ExtensibilityGlobals) = postSolution
		SolutionGuid = {1BE427D3-1BED-4C54-9146-9D9AABD38369}
	EndGlobalSection
EndGlobal
